// !$*UTF8*$!
{
	archiveVersion = 1;
	classes = {
	};
	objectVersion = 46;
	objects = {

/* Begin PBXBuildFile section */
		9FDC965DDA9B8C3857C9098B /* Pods_fIreSample.framework in Frameworks */ = {isa = PBXBuildFile; fileRef = 137E0530E5DC79CB0BA324E4 /* Pods_fIreSample.framework */; };
		B5CA5D3D1C8BC17B00546BF0 /* AppDelegate.swift in Sources */ = {isa = PBXBuildFile; fileRef = B5CA5D3C1C8BC17B00546BF0 /* AppDelegate.swift */; };
		B5CA5D3F1C8BC17B00546BF0 /* ViewController.swift in Sources */ = {isa = PBXBuildFile; fileRef = B5CA5D3E1C8BC17B00546BF0 /* ViewController.swift */; };
		B5CA5D421C8BC17B00546BF0 /* Main.storyboard in Resources */ = {isa = PBXBuildFile; fileRef = B5CA5D401C8BC17B00546BF0 /* Main.storyboard */; };
		B5CA5D441C8BC17B00546BF0 /* Assets.xcassets in Resources */ = {isa = PBXBuildFile; fileRef = B5CA5D431C8BC17B00546BF0 /* Assets.xcassets */; };
		B5CA5D471C8BC17B00546BF0 /* LaunchScreen.storyboard in Resources */ = {isa = PBXBuildFile; fileRef = B5CA5D451C8BC17B00546BF0 /* LaunchScreen.storyboard */; };
/* End PBXBuildFile section */

/* Begin PBXFileReference section */
		137E0530E5DC79CB0BA324E4 /* Pods_fIreSample.framework */ = {isa = PBXFileReference; explicitFileType = wrapper.framework; includeInIndex = 0; path = Pods_fIreSample.framework; sourceTree = BUILT_PRODUCTS_DIR; };
		68E777515AFEE39B5C4242C4 /* Pods-fIreSample.debug.xcconfig */ = {isa = PBXFileReference; includeInIndex = 1; lastKnownFileType = text.xcconfig; name = "Pods-fIreSample.debug.xcconfig"; path = "Pods/Target Support Files/Pods-fIreSample/Pods-fIreSample.debug.xcconfig"; sourceTree = "<group>"; };
		AF82BC51389C20978E60E018 /* Pods-fIreSample.release.xcconfig */ = {isa = PBXFileReference; includeInIndex = 1; lastKnownFileType = text.xcconfig; name = "Pods-fIreSample.release.xcconfig"; path = "Pods/Target Support Files/Pods-fIreSample/Pods-fIreSample.release.xcconfig"; sourceTree = "<group>"; };
		B5CA5D391C8BC17B00546BF0 /* fIreSample.app */ = {isa = PBXFileReference; explicitFileType = wrapper.application; includeInIndex = 0; path = fIreSample.app; sourceTree = BUILT_PRODUCTS_DIR; };
		B5CA5D3C1C8BC17B00546BF0 /* AppDelegate.swift */ = {isa = PBXFileReference; lastKnownFileType = sourcecode.swift; path = AppDelegate.swift; sourceTree = "<group>"; };
		B5CA5D3E1C8BC17B00546BF0 /* ViewController.swift */ = {isa = PBXFileReference; lastKnownFileType = sourcecode.swift; path = ViewController.swift; sourceTree = "<group>"; };
		B5CA5D411C8BC17B00546BF0 /* Base */ = {isa = PBXFileReference; lastKnownFileType = file.storyboard; name = Base; path = Base.lproj/Main.storyboard; sourceTree = "<group>"; };
		B5CA5D431C8BC17B00546BF0 /* Assets.xcassets */ = {isa = PBXFileReference; lastKnownFileType = folder.assetcatalog; path = Assets.xcassets; sourceTree = "<group>"; };
		B5CA5D461C8BC17B00546BF0 /* Base */ = {isa = PBXFileReference; lastKnownFileType = file.storyboard; name = Base; path = Base.lproj/LaunchScreen.storyboard; sourceTree = "<group>"; };
		B5CA5D481C8BC17B00546BF0 /* Info.plist */ = {isa = PBXFileReference; lastKnownFileType = text.plist.xml; path = Info.plist; sourceTree = "<group>"; };
/* End PBXFileReference section */

/* Begin PBXFrameworksBuildPhase section */
		B5CA5D361C8BC17B00546BF0 /* Frameworks */ = {
			isa = PBXFrameworksBuildPhase;
			buildActionMask = 2147483647;
			files = (
				9FDC965DDA9B8C3857C9098B /* Pods_fIreSample.framework in Frameworks */,
			);
			runOnlyForDeploymentPostprocessing = 0;
		};
/* End PBXFrameworksBuildPhase section */

/* Begin PBXGroup section */
		B4EFD2D3CFD43DD1799F71F1 /* Pods */ = {
			isa = PBXGroup;
			children = (
				68E777515AFEE39B5C4242C4 /* Pods-fIreSample.debug.xcconfig */,
				AF82BC51389C20978E60E018 /* Pods-fIreSample.release.xcconfig */,
			);
			name = Pods;
			sourceTree = "<group>";
		};
		B5CA5D301C8BC17B00546BF0 = {
			isa = PBXGroup;
			children = (
				B5CA5D3B1C8BC17B00546BF0 /* fIreSample */,
				B5CA5D3A1C8BC17B00546BF0 /* Products */,
				B4EFD2D3CFD43DD1799F71F1 /* Pods */,
				DDA901BCA440820317782DB8 /* Frameworks */,
			);
			sourceTree = "<group>";
		};
		B5CA5D3A1C8BC17B00546BF0 /* Products */ = {
			isa = PBXGroup;
			children = (
				B5CA5D391C8BC17B00546BF0 /* fIreSample.app */,
			);
			name = Products;
			sourceTree = "<group>";
		};
		B5CA5D3B1C8BC17B00546BF0 /* fIreSample */ = {
			isa = PBXGroup;
			children = (
				B5CA5D3C1C8BC17B00546BF0 /* AppDelegate.swift */,
				B5CA5D3E1C8BC17B00546BF0 /* ViewController.swift */,
				B5CA5D401C8BC17B00546BF0 /* Main.storyboard */,
				B5CA5D431C8BC17B00546BF0 /* Assets.xcassets */,
				B5CA5D451C8BC17B00546BF0 /* LaunchScreen.storyboard */,
				B5CA5D481C8BC17B00546BF0 /* Info.plist */,
			);
			path = fIreSample;
			sourceTree = "<group>";
		};
		DDA901BCA440820317782DB8 /* Frameworks */ = {
			isa = PBXGroup;
			children = (
				137E0530E5DC79CB0BA324E4 /* Pods_fIreSample.framework */,
			);
			name = Frameworks;
			sourceTree = "<group>";
		};
/* End PBXGroup section */

/* Begin PBXNativeTarget section */
		B5CA5D381C8BC17B00546BF0 /* fIreSample */ = {
			isa = PBXNativeTarget;
			buildConfigurationList = B5CA5D4B1C8BC17B00546BF0 /* Build configuration list for PBXNativeTarget "fIreSample" */;
			buildPhases = (
				E7EB9629D316B5EB8A3AFEA5 /* Check Pods Manifest.lock */,
				B5CA5D351C8BC17B00546BF0 /* Sources */,
				B5CA5D361C8BC17B00546BF0 /* Frameworks */,
				B5CA5D371C8BC17B00546BF0 /* Resources */,
				51F85D312EE501A42755BF1B /* Embed Pods Frameworks */,
				64F780236019480F5B7302CE /* Copy Pods Resources */,
			);
			buildRules = (
			);
			dependencies = (
			);
			name = fIreSample;
			productName = fIreSample;
			productReference = B5CA5D391C8BC17B00546BF0 /* fIreSample.app */;
			productType = "com.apple.product-type.application";
		};
/* End PBXNativeTarget section */

/* Begin PBXProject section */
		B5CA5D311C8BC17B00546BF0 /* Project object */ = {
			isa = PBXProject;
			attributes = {
				LastSwiftUpdateCheck = 0720;
				LastUpgradeCheck = 0720;
				ORGANIZATIONNAME = YAMAMOTOHIROKI;
				TargetAttributes = {
					B5CA5D381C8BC17B00546BF0 = {
						CreatedOnToolsVersion = 7.2.1;
						DevelopmentTeam = 9CY4BN83FR;
					};
				};
			};
			buildConfigurationList = B5CA5D341C8BC17B00546BF0 /* Build configuration list for PBXProject "fIreSample" */;
			compatibilityVersion = "Xcode 3.2";
			developmentRegion = English;
			hasScannedForEncodings = 0;
			knownRegions = (
				en,
				Base,
			);
			mainGroup = B5CA5D301C8BC17B00546BF0;
			productRefGroup = B5CA5D3A1C8BC17B00546BF0 /* Products */;
			projectDirPath = "";
			projectRoot = "";
			targets = (
				B5CA5D381C8BC17B00546BF0 /* fIreSample */,
			);
		};
/* End PBXProject section */

/* Begin PBXResourcesBuildPhase section */
		B5CA5D371C8BC17B00546BF0 /* Resources */ = {
			isa = PBXResourcesBuildPhase;
			buildActionMask = 2147483647;
			files = (
				B5CA5D471C8BC17B00546BF0 /* LaunchScreen.storyboard in Resources */,
				B5CA5D441C8BC17B00546BF0 /* Assets.xcassets in Resources */,
				B5CA5D421C8BC17B00546BF0 /* Main.storyboard in Resources */,
			);
			runOnlyForDeploymentPostprocessing = 0;
		};
/* End PBXResourcesBuildPhase section */

/* Begin PBXShellScriptBuildPhase section */
		51F85D312EE501A42755BF1B /* Embed Pods Frameworks */ = {
			isa = PBXShellScriptBuildPhase;
			buildActionMask = 2147483647;
			files = (
			);
			inputPaths = (
			);
			name = "Embed Pods Frameworks";
			outputPaths = (
			);
			runOnlyForDeploymentPostprocessing = 0;
			shellPath = /bin/sh;
			shellScript = "\"${SRCROOT}/Pods/Target Support Files/Pods-fIreSample/Pods-fIreSample-frameworks.sh\"\n";
			showEnvVarsInLog = 0;
		};
		64F780236019480F5B7302CE /* Copy Pods Resources */ = {
			isa = PBXShellScriptBuildPhase;
			buildActionMask = 2147483647;
			files = (
			);
			inputPaths = (
			);
			name = "Copy Pods Resources";
			outputPaths = (
			);
			runOnlyForDeploymentPostprocessing = 0;
			shellPath = /bin/sh;
			shellScript = "\"${SRCROOT}/Pods/Target Support Files/Pods-fIreSample/Pods-fIreSample-resources.sh\"\n";
			showEnvVarsInLog = 0;
		};
		E7EB9629D316B5EB8A3AFEA5 /* Check Pods Manifest.lock */ = {
			isa = PBXShellScriptBuildPhase;
			buildActionMask = 2147483647;
			files = (
			);
			inputPaths = (
			);
			name = "Check Pods Manifest.lock";
			outputPaths = (
			);
			runOnlyForDeploymentPostprocessing = 0;
			shellPath = /bin/sh;
			shellScript = "diff \"${PODS_ROOT}/../Podfile.lock\" \"${PODS_ROOT}/Manifest.lock\" > /dev/null\nif [[ $? != 0 ]] ; then\n    cat << EOM\nerror: The sandbox is not in sync with the Podfile.lock. Run 'pod install' or update your CocoaPods installation.\nEOM\n    exit 1\nfi\n";
			showEnvVarsInLog = 0;
		};
/* End PBXShellScriptBuildPhase section */

/* Begin PBXSourcesBuildPhase section */
		B5CA5D351C8BC17B00546BF0 /* Sources */ = {
			isa = PBXSourcesBuildPhase;
			buildActionMask = 2147483647;
			files = (
				B5CA5D3F1C8BC17B00546BF0 /* ViewController.swift in Sources */,
				B5CA5D3D1C8BC17B00546BF0 /* AppDelegate.swift in Sources */,
			);
			runOnlyForDeploymentPostprocessing = 0;
		};
/* End PBXSourcesBuildPhase section */

/* Begin PBXVariantGroup section */
		B5CA5D401C8BC17B00546BF0 /* Main.storyboard */ = {
			isa = PBXVariantGroup;
			children = (
				B5CA5D411C8BC17B00546BF0 /* Base */,
			);
			name = Main.storyboard;
			sourceTree = "<group>";
		};
		B5CA5D451C8BC17B00546BF0 /* LaunchScreen.storyboard */ = {
			isa = PBXVariantGroup;
			children = (
				B5CA5D461C8BC17B00546BF0 /* Base */,
			);
			name = LaunchScreen.storyboard;
			sourceTree = "<group>";
		};
/* End PBXVariantGroup section */

/* Begin XCBuildConfiguration section */
		B5CA5D491C8BC17B00546BF0 /* Debug */ = {
			isa = XCBuildConfiguration;
			buildSettings = {
				ALWAYS_SEARCH_USER_PATHS = NO;
				CLANG_CXX_LANGUAGE_STANDARD = "gnu++0x";
				CLANG_CXX_LIBRARY = "libc++";
				CLANG_ENABLE_MODULES = YES;
				CLANG_ENABLE_OBJC_ARC = YES;
				CLANG_WARN_BOOL_CONVERSION = YES;
				CLANG_WARN_CONSTANT_CONVERSION = YES;
				CLANG_WARN_DIRECT_OBJC_ISA_USAGE = YES_ERROR;
				CLANG_WARN_EMPTY_BODY = YES;
				CLANG_WARN_ENUM_CONVERSION = YES;
				CLANG_WARN_INT_CONVERSION = YES;
				CLANG_WARN_OBJC_ROOT_CLASS = YES_ERROR;
				CLANG_WARN_UNREACHABLE_CODE = YES;
				CLANG_WARN__DUPLICATE_METHOD_MATCH = YES;
				"CODE_SIGN_IDENTITY[sdk=iphoneos*]" = "iPhone Developer";
				COPY_PHASE_STRIP = NO;
				DEBUG_INFORMATION_FORMAT = dwarf;
				ENABLE_STRICT_OBJC_MSGSEND = YES;
				ENABLE_TESTABILITY = YES;
				GCC_C_LANGUAGE_STANDARD = gnu99;
				GCC_DYNAMIC_NO_PIC = NO;
				GCC_NO_COMMON_BLOCKS = YES;
				GCC_OPTIMIZATION_LEVEL = 0;
				GCC_PREPROCESSOR_DEFINITIONS = (
					"DEBUG=1",
					"$(inherited)",
				);
				GCC_WARN_64_TO_32_BIT_CONVERSION = YES;
				GCC_WARN_ABOUT_RETURN_TYPE = YES_ERROR;
				GCC_WARN_UNDECLARED_SELECTOR = YES;
				GCC_WARN_UNINITIALIZED_AUTOS = YES_AGGRESSIVE;
				GCC_WARN_UNUSED_FUNCTION = YES;
				GCC_WARN_UNUSED_VARIABLE = YES;
				IPHONEOS_DEPLOYMENT_TARGET = 9.2;
				MTL_ENABLE_DEBUG_INFO = YES;
				ONLY_ACTIVE_ARCH = YES;
				SDKROOT = iphoneos;
				SWIFT_OPTIMIZATION_LEVEL = "-Onone";
			};
			name = Debug;
		};
		B5CA5D4A1C8BC17B00546BF0 /* Release */ = {
			isa = XCBuildConfiguration;
			buildSettings = {
				ALWAYS_SEARCH_USER_PATHS = NO;
				CLANG_CXX_LANGUAGE_STANDARD = "gnu++0x";
				CLANG_CXX_LIBRARY = "libc++";
				CLANG_ENABLE_MODULES = YES;
				CLANG_ENABLE_OBJC_ARC = YES;
				CLANG_WARN_BOOL_CONVERSION = YES;
				CLANG_WARN_CONSTANT_CONVERSION = YES;
				CLANG_WARN_DIRECT_OBJC_ISA_USAGE = YES_ERROR;
				CLANG_WARN_EMPTY_BODY = YES;
				CLANG_WARN_ENUM_CONVERSION = YES;
				CLANG_WARN_INT_CONVERSION = YES;
				CLANG_WARN_OBJC_ROOT_CLASS = YES_ERROR;
				CLANG_WARN_UNREACHABLE_CODE = YES;
				CLANG_WARN__DUPLICATE_METHOD_MATCH = YES;
				"CODE_SIGN_IDENTITY[sdk=iphoneos*]" = "iPhone Developer";
				COPY_PHASE_STRIP = NO;
				DEBUG_INFORMATION_FORMAT = "dwarf-with-dsym";
				ENABLE_NS_ASSERTIONS = NO;
				ENABLE_STRICT_OBJC_MSGSEND = YES;
				GCC_C_LANGUAGE_STANDARD = gnu99;
				GCC_NO_COMMON_BLOCKS = YES;
				GCC_WARN_64_TO_32_BIT_CONVERSION = YES;
				GCC_WARN_ABOUT_RETURN_TYPE = YES_ERROR;
				GCC_WARN_UNDECLARED_SELECTOR = YES;
				GCC_WARN_UNINITIALIZED_AUTOS = YES_AGGRESSIVE;
				GCC_WARN_UNUSED_FUNCTION = YES;
				GCC_WARN_UNUSED_VARIABLE = YES;
				IPHONEOS_DEPLOYMENT_TARGET = 9.2;
				MTL_ENABLE_DEBUG_INFO = NO;
				SDKROOT = iphoneos;
				VALIDATE_PRODUCT = YES;
			};
			name = Release;
		};
		B5CA5D4C1C8BC17B00546BF0 /* Debug */ = {
			isa = XCBuildConfiguration;
			baseConfigurationReference = 68E777515AFEE39B5C4242C4 /* Pods-fIreSample.debug.xcconfig */;
			buildSettings = {
				ASSETCATALOG_COMPILER_APPICON_NAME = AppIcon;
				CODE_SIGN_IDENTITY = "iPhone Developer";
				INFOPLIST_FILE = fIreSample/Info.plist;
				LD_RUNPATH_SEARCH_PATHS = "$(inherited) @executable_path/Frameworks";
				PRODUCT_BUNDLE_IDENTIFIER = "info.net-kamome.fIreSample";
				PRODUCT_NAME = "$(TARGET_NAME)";
			};
			name = Debug;
		};
		B5CA5D4D1C8BC17B00546BF0 /* Release */ = {
			isa = XCBuildConfiguration;
			baseConfigurationReference = AF82BC51389C20978E60E018 /* Pods-fIreSample.release.xcconfig */;
			buildSettings = {
				ASSETCATALOG_COMPILER_APPICON_NAME = AppIcon;
				CODE_SIGN_IDENTITY = "iPhone Developer";
				INFOPLIST_FILE = fIreSample/Info.plist;
				LD_RUNPATH_SEARCH_PATHS = "$(inherited) @executable_path/Frameworks";
				PRODUCT_BUNDLE_IDENTIFIER = "info.net-kamome.fIreSample";
				PRODUCT_NAME = "$(TARGET_NAME)";
			};
			name = Release;
		};
/* End XCBuildConfiguration section */

/* Begin XCConfigurationList section */
		B5CA5D341C8BC17B00546BF0 /* Build configuration list for PBXProject "fIreSample" */ = {
			isa = XCConfigurationList;
			buildConfigurations = (
				B5CA5D491C8BC17B00546BF0 /* Debug */,
				B5CA5D4A1C8BC17B00546BF0 /* Release */,
			);
			defaultConfigurationIsVisible = 0;
			defaultConfigurationName = Release;
		};
		B5CA5D4B1C8BC17B00546BF0 /* Build configuration list for PBXNativeTarget "fIreSample" */ = {
			isa = XCConfigurationList;
			buildConfigurations = (
				B5CA5D4C1C8BC17B00546BF0 /* Debug */,
				B5CA5D4D1C8BC17B00546BF0 /* Release */,
			);
			defaultConfigurationIsVisible = 0;
			defaultConfigurationName = Release;
		};
/* End XCConfigurationList section */
	};
	rootObject = B5CA5D311C8BC17B00546BF0 /* Project object */;
}
